
Microsoft Visual Studio Solution File, Format Version 12.00
Project("{FAE04EC0-301F-11D3-BF4B-00C04F79EFBC}") = "JJaniszewski.WeatherApp.AzureFunction", "JJaniszewski.WeatherApp.AzureFunction\JJaniszewski.WeatherApp.AzureFunction.csproj", "{23AF1A6D-A6B7-4D06-914F-0E6200A2F491}"
EndProject
Project("{FAE04EC0-301F-11D3-BF4B-00C04F79EFBC}") = "JJaniszewski.WeatherApp.PublicApi", "JJaniszewski.WeatherApp.PublicApi\JJaniszewski.WeatherApp.PublicApi.csproj", "{B44CD7C4-3071-4204-9A84-96FD27B8F787}"
EndProject
Project("{2150E333-8FDC-42A3-9474-1A3956D46DE8}") = "Solution Items", "Solution Items", "{CAF4D057-B59C-4F44-9F9F-AE9BBC3528C8}"
	ProjectSection(SolutionItems) = preProject
		docker-compose.yml = docker-compose.yml
	EndProjectSection
EndProject
Global
	GlobalSection(SolutionConfigurationPlatforms) = preSolution
		Debug|Any CPU = Debug|Any CPU
		Release|Any CPU = Release|Any CPU
	EndGlobalSection
	GlobalSection(ProjectConfigurationPlatforms) = postSolution
		{23AF1A6D-A6B7-4D06-914F-0E6200A2F491}.Debug|Any CPU.ActiveCfg = Debug|Any CPU
		{23AF1A6D-A6B7-4D06-914F-0E6200A2F491}.Debug|Any CPU.Build.0 = Debug|Any CPU
		{23AF1A6D-A6B7-4D06-914F-0E6200A2F491}.Release|Any CPU.ActiveCfg = Release|Any CPU
		{23AF1A6D-A6B7-4D06-914F-0E6200A2F491}.Release|Any CPU.Build.0 = Release|Any CPU
		{B44CD7C4-3071-4204-9A84-96FD27B8F787}.Debug|Any CPU.ActiveCfg = Debug|Any CPU
		{B44CD7C4-3071-4204-9A84-96FD27B8F787}.Debug|Any CPU.Build.0 = Debug|Any CPU
		{B44CD7C4-3071-4204-9A84-96FD27B8F787}.Release|Any CPU.ActiveCfg = Release|Any CPU
		{B44CD7C4-3071-4204-9A84-96FD27B8F787}.Release|Any CPU.Build.0 = Release|Any CPU
	EndGlobalSection
EndGlobal
